
Microsoft Visual Studio Solution File, Format Version 12.00
# Visual Studio Version 17
VisualStudioVersion = 17.0.32014.148
MinimumVisualStudioVersion = 10.0.40219.1
Project("{FAE04EC0-301F-11D3-BF4B-00C04F79EFBC}") = "Melon Mod", "Melon Mod\Melon Mod.csproj", "{B6C1D664-E77A-4F1C-A5D0-5446C133804D}"
EndProject
Global
	GlobalSection(SolutionConfigurationPlatforms) = preSolution
		Debug|Any CPU = Debug|Any CPU
		Release|Any CPU = Release|Any CPU
	EndGlobalSection
	GlobalSection(ProjectConfigurationPlatforms) = postSolution
		{B6C1D664-E77A-4F1C-A5D0-5446C133804D}.Debug|Any CPU.ActiveCfg = Debug|Any CPU
		{B6C1D664-E77A-4F1C-A5D0-5446C133804D}.Debug|Any CPU.Build.0 = Debug|Any CPU
		{B6C1D664-E77A-4F1C-A5D0-5446C133804D}.Release|Any CPU.ActiveCfg = Release|Any CPU
		{B6C1D664-E77A-4F1C-A5D0-5446C133804D}.Release|Any CPU.Build.0 = Release|Any CPU
	EndGlobalSection
	GlobalSection(SolutionProperties) = preSolution
		HideSolutionNode = FALSE
	EndGlobalSection
	GlobalSection(ExtensibilityGlobals) = postSolution
		SolutionGuid = {4B0F3F83-64C9-488E-A37E-629B9243DA28}
	EndGlobalSection
EndGlobal
